hash: 5b478d9da67f4436af2290281ccbee12e60231dd4c19ec150fd134a7afb261bf
updated: 2019-01-15T16:47:22.267376-06:00
imports:
- name: cloud.google.com/go
  version: 085c05ca074a8de9107005f9baa6308eae7eaf41
  subpackages:
  - compute/metadata
  - iam
  - internal
  - internal/optional
  - internal/version
  - storage
- name: github.com/aws/aws-sdk-go
  version: d2d8f8c33f49af99cdd889f6897ffd525c520407
  subpackages:
  - aws
  - aws/awserr
  - aws/awsutil
  - aws/client
  - aws/client/metadata
  - aws/corehandlers
  - aws/credentials
  - aws/credentials/ec2rolecreds
  - aws/credentials/endpointcreds
  - aws/credentials/processcreds
  - aws/credentials/stscreds
  - aws/csm
  - aws/defaults
  - aws/ec2metadata
  - aws/endpoints
  - aws/request
  - aws/session
  - aws/signer/v4
  - internal/ini
  - internal/s3err
  - internal/sdkio
  - internal/sdkrand
  - internal/sdkuri
  - internal/shareddefaults
  - private/protocol
  - private/protocol/eventstream
  - private/protocol/eventstream/eventstreamapi
  - private/protocol/query
  - private/protocol/query/queryutil
  - private/protocol/rest
  - private/protocol/restxml
  - private/protocol/xml/xmlutil
  - service/s3
  - service/s3/s3iface
  - service/s3/s3manager
  - service/sts
- name: github.com/davecgh/go-spew
  version: 6d212800a42e8ab5c146b8ace3490ee17e5225f9
  subpackages:
  - spew
- name: github.com/fatih/color
  version: 5b77d2a35fb0ede96d138fc9a99f5c9b6aef11b4
- name: github.com/golang/protobuf
  version: 18c9bb3261723cd5401db4d0c9fbc5c3b6c70fe8
  subpackages:
  - proto
  - protoc-gen-go/descriptor
  - ptypes/any
- name: github.com/googleapis/gax-go
  version: 9af46dd5a1713e8b5cd71106287eba3cefdde50b
- name: github.com/jmespath/go-jmespath
  version: c01cf91b011868172fdcd9f41838e80c9d716264
- name: github.com/mattn/go-colorable
  version: efa589957cd060542a26d2dd7832fd6a6c6c3ade
- name: github.com/mattn/go-isatty
  version: 6ca4dbf54d38eea1a992b3c722a76a5d1c4cb25c
- name: github.com/pmezard/go-difflib
  version: d8ed2627bdf02c080bf22230dbb337003b7aba2d
  subpackages:
  - difflib
- name: github.com/stretchr/objx
  version: cbeaeb16a013161a98496fad62933b1d21786672
- name: github.com/stretchr/testify
  version: ffdc059bfe9ce6a4e144ba849dbedead332c6053
  subpackages:
  - assert
  - mock
  - require
  - suite
- name: golang.org/x/net
  version: ffcf1bedda3b04ebb15a168a59800a73d6dc0f4d
  subpackages:
  - context
  - context/ctxhttp
  - http2
  - http2/hpack
  - idna
  - internal/timeseries
  - lex/httplex
  - trace
- name: golang.org/x/oauth2
  version: 7fdf09982454086d5570c7db3e11f360194830ca
  subpackages:
  - google
  - internal
  - jws
  - jwt
- name: golang.org/x/sys
  version: c11f84a56e43e20a78cee75a7c034031ecf57d1f
  subpackages:
  - unix
- name: golang.org/x/text
  version: f4b4367115ec2de254587813edaa901bc1c723a8
  subpackages:
  - secure/bidirule
  - transform
  - unicode/bidi
  - unicode/norm
- name: google.golang.org/api
  version: 48e49d1645e228d1c50c3d54fb476b2224477303
  subpackages:
  - gensupport
  - googleapi
  - googleapi/internal/uritemplates
  - googleapi/transport
  - internal
  - iterator
  - option
  - storage/v1
  - transport
- name: google.golang.org/appengine
  version: a2f4131514e563cedfdb6e7d267df9ad48591e93
  subpackages:
  - internal
  - internal/app_identity
  - internal/base
  - internal/datastore
  - internal/log
  - internal/modules
  - internal/remote_api
  - internal/socket
  - internal/urlfetch
  - socket
  - urlfetch
- name: google.golang.org/genproto
  version: 411e09b969b1170a9f0c467558eb4c4c110d9c77
  subpackages:
  - googleapis/api/annotations
  - googleapis/iam/v1
  - googleapis/rpc/status
- name: google.golang.org/grpc
  version: 68a5d50f4517bae2b44b18092410fe248d153f1e
  subpackages:
  - codes
  - credentials
  - credentials/oauth
  - grpclb/grpc_lb_v1
  - grpclog
  - internal
  - keepalive
  - metadata
  - naming
  - peer
  - stats
  - status
  - tap
  - transport
testImports: []
